{
    "_meta": {
        "hash": {
            "sha256": "8ded7ad53e59014b618d4bd6e9c1912dffa0abaaa52473cc9272c69aa4f1c15f"
        },
        "pipfile-spec": 1,
        "requires": {},
        "sources": [
            {
                "url": "https://pypi.python.org/simple",
                "verify_ssl": true
            }
        ]
    },
    "default": {
        "blinker": {
            "version": "==1.4"
        },
        "docutils": {
            "version": "==0.14"
        },
        "feedgenerator": {
            "version": "==1.9"
        },
        "jinja2": {
            "version": "==2.9.6"
        },
        "markupsafe": {
            "version": "==1.0"
        },
        "pelican": {
            "version": "==3.7.1"
        },
        "pygments": {
            "version": "==2.2.0"
        },
        "python-dateutil": {
            "version": "==2.6.1"
        },
        "pytz": {
            "version": "==2017.2"
        },
        "six": {
            "version": "==1.10.0"
        },
        "unidecode": {
            "version": "==0.4.21"
        }
    },
    "develop": {}
}
